{
  "name": "homework-3",
  "version": "1.0.0",
  "lockfileVersion": 2,
  "requires": true,
  "packages": {
    "": {
      "name": "homework-3",
      "version": "1.0.0",
      "license": "ISC",
      "dependencies": {
        "@polinkavishinka/ajs": "^1.0.0"
      }
    },
    "node_modules/@polinkavishinka/ajs": {
      "version": "1.0.0",
      "resolved": "https://npm.pkg.github.com/download/@polinkavishinka/ajs/1.0.0/349cadbe3ee420345cf652efdda9944690a8a2ed",
      "integrity": "sha512-80+OVkAp42nTA5Fwu2AYjeXeRiVEoJn7RFvV0B89GQ+s6KxK1sbdI2O18J7NjjLrvygIDNhKl8vjP8qIE9SY1Q==",
      "license": "ISC"
    }
  },
  "dependencies": {
    "@polinkavishinka/ajs": {
      "version": "1.0.0",
      "resolved": "https://npm.pkg.github.com/download/@polinkavishinka/ajs/1.0.0/349cadbe3ee420345cf652efdda9944690a8a2ed",
      "integrity": "sha512-80+OVkAp42nTA5Fwu2AYjeXeRiVEoJn7RFvV0B89GQ+s6KxK1sbdI2O18J7NjjLrvygIDNhKl8vjP8qIE9SY1Q=="
    }
  }
}
